
Microsoft Visual Studio Solution File, Format Version 12.00
# Visual Studio Version 16
VisualStudioVersion = 16.0.32106.194
MinimumVisualStudioVersion = 10.0.40219.1
Project("{FAE04EC0-301F-11D3-BF4B-00C04F79EFBC}") = "DesignPatterns", "DesignPatterns\DesignPatterns.csproj", "{96082ABC-9AF0-416C-A15F-83B51215956A}"
EndProject
Global
	GlobalSection(SolutionConfigurationPlatforms) = preSolution
		Debug|Any CPU = Debug|Any CPU
		Release|Any CPU = Release|Any CPU
	EndGlobalSection
	GlobalSection(ProjectConfigurationPlatforms) = postSolution
		{96082ABC-9AF0-416C-A15F-83B51215956A}.Debug|Any CPU.ActiveCfg = Debug|Any CPU
		{96082ABC-9AF0-416C-A15F-83B51215956A}.Debug|Any CPU.Build.0 = Debug|Any CPU
		{96082ABC-9AF0-416C-A15F-83B51215956A}.Release|Any CPU.ActiveCfg = Release|Any CPU
		{96082ABC-9AF0-416C-A15F-83B51215956A}.Release|Any CPU.Build.0 = Release|Any CPU
	EndGlobalSection
	GlobalSection(SolutionProperties) = preSolution
		HideSolutionNode = FALSE
	EndGlobalSection
	GlobalSection(ExtensibilityGlobals) = postSolution
		SolutionGuid = {A1BC93D5-835C-453C-BE26-DE311A26B251}
	EndGlobalSection
EndGlobal
